Microsoft Visual Studio Solution File, Format Version 12.00
# Visual Studio 15
VisualStudioVersion = 15.0.27004.2005
MinimumVisualStudioVersion = 15.0.26124.0
Project("{2150E333-8FDC-42A3-9474-1A3956D46DE8}") = "src", "src", "{973E27D4-39D7-4A78-B185-71C3D3206440}"
EndProject
Project("{9A19103F-16F7-4668-BE54-9A1E7A4F7556}") = "Algorithms.Multiply", "src\Algorithms.Multiply\Algorithms.Multiply.csproj", "{3C62F25A-45E8-4D70-8F30-840621C63325}"
EndProject
Project("{2150E333-8FDC-42A3-9474-1A3956D46DE8}") = "test", "test", "{EF8BCFA6-4041-4DD2-8A91-A3AD003CE568}"
EndProject
Project("{9A19103F-16F7-4668-BE54-9A1E7A4F7556}") = "Algorithms.Multiply.Tests", "test\unit\Algorithms.Multiply.Test\Algorithms.Multiply.Tests.csproj", "{E4179823-BDAC-45A0-9704-7DA190827CCA}"
EndProject
Project("{9A19103F-16F7-4668-BE54-9A1E7A4F7556}") = "Algorithms.App", "src\Algorithms.App\Algorithms.App.csproj", "{588274DD-A1C4-4121-A405-16E4DED12294}"
EndProject
Global
	GlobalSection(SolutionConfigurationPlatforms) = preSolution
		Debug|Any CPU = Debug|Any CPU
		Debug|x64 = Debug|x64
		Debug|x86 = Debug|x86
		Release|Any CPU = Release|Any CPU
		Release|x64 = Release|x64
		Release|x86 = Release|x86
	EndGlobalSection
	GlobalSection(ProjectConfigurationPlatforms) = postSolution
		{3C62F25A-45E8-4D70-8F30-840621C63325}.Debug|Any CPU.ActiveCfg = Debug|Any CPU
		{3C62F25A-45E8-4D70-8F30-840621C63325}.Debug|Any CPU.Build.0 = Debug|Any CPU
		{3C62F25A-45E8-4D70-8F30-840621C63325}.Debug|x64.ActiveCfg = Debug|Any CPU
		{3C62F25A-45E8-4D70-8F30-840621C63325}.Debug|x64.Build.0 = Debug|Any CPU
		{3C62F25A-45E8-4D70-8F30-840621C63325}.Debug|x86.ActiveCfg = Debug|Any CPU
		{3C62F25A-45E8-4D70-8F30-840621C63325}.Debug|x86.Build.0 = Debug|Any CPU
		{3C62F25A-45E8-4D70-8F30-840621C63325}.Release|Any CPU.ActiveCfg = Release|Any CPU
		{3C62F25A-45E8-4D70-8F30-840621C63325}.Release|Any CPU.Build.0 = Release|Any CPU
		{3C62F25A-45E8-4D70-8F30-840621C63325}.Release|x64.ActiveCfg = Release|Any CPU
		{3C62F25A-45E8-4D70-8F30-840621C63325}.Release|x64.Build.0 = Release|Any CPU
		{3C62F25A-45E8-4D70-8F30-840621C63325}.Release|x86.ActiveCfg = Release|Any CPU
		{3C62F25A-45E8-4D70-8F30-840621C63325}.Release|x86.Build.0 = Release|Any CPU
		{E4179823-BDAC-45A0-9704-7DA190827CCA}.Debug|Any CPU.ActiveCfg = Debug|Any CPU
		{E4179823-BDAC-45A0-9704-7DA190827CCA}.Debug|Any CPU.Build.0 = Debug|Any CPU
		{E4179823-BDAC-45A0-9704-7DA190827CCA}.Debug|x64.ActiveCfg = Debug|Any CPU
		{E4179823-BDAC-45A0-9704-7DA190827CCA}.Debug|x64.Build.0 = Debug|Any CPU
		{E4179823-BDAC-45A0-9704-7DA190827CCA}.Debug|x86.ActiveCfg = Debug|Any CPU
		{E4179823-BDAC-45A0-9704-7DA190827CCA}.Debug|x86.Build.0 = Debug|Any CPU
		{E4179823-BDAC-45A0-9704-7DA190827CCA}.Release|Any CPU.ActiveCfg = Release|Any CPU
		{E4179823-BDAC-45A0-9704-7DA190827CCA}.Release|Any CPU.Build.0 = Release|Any CPU
		{E4179823-BDAC-45A0-9704-7DA190827CCA}.Release|x64.ActiveCfg = Release|Any CPU
		{E4179823-BDAC-45A0-9704-7DA190827CCA}.Release|x64.Build.0 = Release|Any CPU
		{E4179823-BDAC-45A0-9704-7DA190827CCA}.Release|x86.ActiveCfg = Release|Any CPU
		{E4179823-BDAC-45A0-9704-7DA190827CCA}.Release|x86.Build.0 = Release|Any CPU
		{588274DD-A1C4-4121-A405-16E4DED12294}.Debug|Any CPU.ActiveCfg = Debug|Any CPU
		{588274DD-A1C4-4121-A405-16E4DED12294}.Debug|Any CPU.Build.0 = Debug|Any CPU
		{588274DD-A1C4-4121-A405-16E4DED12294}.Debug|x64.ActiveCfg = Debug|Any CPU
		{588274DD-A1C4-4121-A405-16E4DED12294}.Debug|x64.Build.0 = Debug|Any CPU
		{588274DD-A1C4-4121-A405-16E4DED12294}.Debug|x86.ActiveCfg = Debug|Any CPU
		{588274DD-A1C4-4121-A405-16E4DED12294}.Debug|x86.Build.0 = Debug|Any CPU
		{588274DD-A1C4-4121-A405-16E4DED12294}.Release|Any CPU.ActiveCfg = Release|Any CPU
		{588274DD-A1C4-4121-A405-16E4DED12294}.Release|Any CPU.Build.0 = Release|Any CPU
		{588274DD-A1C4-4121-A405-16E4DED12294}.Release|x64.ActiveCfg = Release|Any CPU
		{588274DD-A1C4-4121-A405-16E4DED12294}.Release|x64.Build.0 = Release|Any CPU
		{588274DD-A1C4-4121-A405-16E4DED12294}.Release|x86.ActiveCfg = Release|Any CPU
		{588274DD-A1C4-4121-A405-16E4DED12294}.Release|x86.Build.0 = Release|Any CPU
	EndGlobalSection
	GlobalSection(SolutionProperties) = preSolution
		HideSolutionNode = FALSE
	EndGlobalSection
	GlobalSection(NestedProjects) = preSolution
		{3C62F25A-45E8-4D70-8F30-840621C63325} = {973E27D4-39D7-4A78-B185-71C3D3206440}
		{E4179823-BDAC-45A0-9704-7DA190827CCA} = {EF8BCFA6-4041-4DD2-8A91-A3AD003CE568}
		{588274DD-A1C4-4121-A405-16E4DED12294} = {973E27D4-39D7-4A78-B185-71C3D3206440}
	EndGlobalSection
	GlobalSection(ExtensibilityGlobals) = postSolution
		SolutionGuid = {5D70A5CA-3A3A-48D2-B27A-43435D0445C2}
	EndGlobalSection
EndGlobal
